
Microsoft Visual Studio Solution File, Format Version 12.00
# Visual Studio 15
VisualStudioVersion = 15.0.28307.2017
MinimumVisualStudioVersion = 10.0.40219.1
Project("{F184B08F-C81C-45F6-A57F-5ABD9991F28F}") = "PROGRAMA MOVER OBJETOS CON MARIO2", "PROGRAMA MOVER OBJETOS CON MARIO2\PROGRAMA MOVER OBJETOS CON MARIO2.vbproj", "{603037EA-AACE-4976-A9E5-1EF729D3A70C}"
EndProject
Global
	GlobalSection(SolutionConfigurationPlatforms) = preSolution
		Debug|Any CPU = Debug|Any CPU
		Release|Any CPU = Release|Any CPU
	EndGlobalSection
	GlobalSection(ProjectConfigurationPlatforms) = postSolution
		{603037EA-AACE-4976-A9E5-1EF729D3A70C}.Debug|Any CPU.ActiveCfg = Debug|Any CPU
		{603037EA-AACE-4976-A9E5-1EF729D3A70C}.Debug|Any CPU.Build.0 = Debug|Any CPU
		{603037EA-AACE-4976-A9E5-1EF729D3A70C}.Release|Any CPU.ActiveCfg = Release|Any CPU
		{603037EA-AACE-4976-A9E5-1EF729D3A70C}.Release|Any CPU.Build.0 = Release|Any CPU
	EndGlobalSection
	GlobalSection(SolutionProperties) = preSolution
		HideSolutionNode = FALSE
	EndGlobalSection
	GlobalSection(ExtensibilityGlobals) = postSolution
		SolutionGuid = {412F19F9-A8B5-4EB7-B7F7-6BE872F3C5D0}
	EndGlobalSection
EndGlobal
